
Microsoft Visual Studio Solution File, Format Version 12.00
# Visual Studio 15
VisualStudioVersion = 15.0.27130.2026
MinimumVisualStudioVersion = 10.0.40219.1
Project("{FAE04EC0-301F-11D3-BF4B-00C04F79EFBC}") = "Base", "Base\Base.csproj", "{645E8753-1D07-48DE-80C3-3764A54FE6A6}"
EndProject
Project("{2150E333-8FDC-42A3-9474-1A3956D46DE8}") = "Tests", "Tests", "{574BAF35-7C46-4169-A623-44650E9AE147}"
EndProject
Project("{FAE04EC0-301F-11D3-BF4B-00C04F79EFBC}") = "Base.Tests", "Tests\Base.Tests\Base.Tests.csproj", "{121D750F-4A1C-4197-9168-4B838282AD0E}"
EndProject
Project("{FAE04EC0-301F-11D3-BF4B-00C04F79EFBC}") = "Sw", "Sw\Sw.csproj", "{BF046003-0D5B-4930-9DCE-B6EEE9727340}"
EndProject
Project("{FAE04EC0-301F-11D3-BF4B-00C04F79EFBC}") = "Sw.Tests", "Tests\Sw.Tests\Sw.Tests.csproj", "{E6223106-449F-4442-BD2D-F9D2F45AD33F}"
EndProject
Project("{FAE04EC0-301F-11D3-BF4B-00C04F79EFBC}") = "Stocks.Cylinder", "Stocks.Cylinder\Stocks.Cylinder.csproj", "{2F798E86-4306-4F93-8588-7E3A26542B1B}"
EndProject
Global
	GlobalSection(SolutionConfigurationPlatforms) = preSolution
		Debug|Any CPU = Debug|Any CPU
		Release|Any CPU = Release|Any CPU
	EndGlobalSection
	GlobalSection(ProjectConfigurationPlatforms) = postSolution
		{645E8753-1D07-48DE-80C3-3764A54FE6A6}.Debug|Any CPU.ActiveCfg = Debug|Any CPU
		{645E8753-1D07-48DE-80C3-3764A54FE6A6}.Debug|Any CPU.Build.0 = Debug|Any CPU
		{645E8753-1D07-48DE-80C3-3764A54FE6A6}.Release|Any CPU.ActiveCfg = Release|Any CPU
		{645E8753-1D07-48DE-80C3-3764A54FE6A6}.Release|Any CPU.Build.0 = Release|Any CPU
		{121D750F-4A1C-4197-9168-4B838282AD0E}.Debug|Any CPU.ActiveCfg = Debug|Any CPU
		{121D750F-4A1C-4197-9168-4B838282AD0E}.Debug|Any CPU.Build.0 = Debug|Any CPU
		{121D750F-4A1C-4197-9168-4B838282AD0E}.Release|Any CPU.ActiveCfg = Release|Any CPU
		{121D750F-4A1C-4197-9168-4B838282AD0E}.Release|Any CPU.Build.0 = Release|Any CPU
		{BF046003-0D5B-4930-9DCE-B6EEE9727340}.Debug|Any CPU.ActiveCfg = Debug|Any CPU
		{BF046003-0D5B-4930-9DCE-B6EEE9727340}.Debug|Any CPU.Build.0 = Debug|Any CPU
		{BF046003-0D5B-4930-9DCE-B6EEE9727340}.Release|Any CPU.ActiveCfg = Release|Any CPU
		{BF046003-0D5B-4930-9DCE-B6EEE9727340}.Release|Any CPU.Build.0 = Release|Any CPU
		{E6223106-449F-4442-BD2D-F9D2F45AD33F}.Debug|Any CPU.ActiveCfg = Debug|Any CPU
		{E6223106-449F-4442-BD2D-F9D2F45AD33F}.Debug|Any CPU.Build.0 = Debug|Any CPU
		{E6223106-449F-4442-BD2D-F9D2F45AD33F}.Release|Any CPU.ActiveCfg = Release|Any CPU
		{E6223106-449F-4442-BD2D-F9D2F45AD33F}.Release|Any CPU.Build.0 = Release|Any CPU
		{2F798E86-4306-4F93-8588-7E3A26542B1B}.Debug|Any CPU.ActiveCfg = Debug|Any CPU
		{2F798E86-4306-4F93-8588-7E3A26542B1B}.Debug|Any CPU.Build.0 = Debug|Any CPU
		{2F798E86-4306-4F93-8588-7E3A26542B1B}.Release|Any CPU.ActiveCfg = Release|Any CPU
		{2F798E86-4306-4F93-8588-7E3A26542B1B}.Release|Any CPU.Build.0 = Release|Any CPU
	EndGlobalSection
	GlobalSection(SolutionProperties) = preSolution
		HideSolutionNode = FALSE
	EndGlobalSection
	GlobalSection(NestedProjects) = preSolution
		{121D750F-4A1C-4197-9168-4B838282AD0E} = {574BAF35-7C46-4169-A623-44650E9AE147}
		{E6223106-449F-4442-BD2D-F9D2F45AD33F} = {574BAF35-7C46-4169-A623-44650E9AE147}
	EndGlobalSection
	GlobalSection(ExtensibilityGlobals) = postSolution
		SolutionGuid = {5E76864D-F1B0-49C4-850F-9F847CF914D1}
	EndGlobalSection
EndGlobal
